// !$*UTF8*$!
{
	archiveVersion = 1;
	classes = {
	};
	objectVersion = 60;
	objects = {

/* Begin PBXBuildFile section */
		30A35E742FF28FD100F171B4 /* Assets.xcassets in Resources */ = {isa = PBXBuildFile; fileRef = 30A35E6A2FF28FD100F171B4 /* Assets.xcassets */; };
		30A35E762FF28FD100F171B4 /* LaunchScreen.storyboard in Resources */ = {isa = PBXBuildFile; fileRef = 30A35E6E2FF28FD100F171B4 /* LaunchScreen.storyboard */; };
		30A35E772FF28FD100F171B4 /* Main.storyboard in Resources */ = {isa = PBXBuildFile; fileRef = 30A35E702FF28FD100F171B4 /* Main.storyboard */; };
		30A35E782FF28FD100F171B4 /* MomentMapApp.swift in Sources */ = {isa = PBXBuildFile; fileRef = 30A35DD42FF28FD100F171B4 /* MomentMapApp.swift */; };
		30A35E792FF28FD100F171B4 /* AudioNotePlayerView.swift in Sources */ = {isa = PBXBuildFile; fileRef = 30A35DD62FF28FD100F171B4 /* AudioNotePlayerView.swift */; };
		30A35E7A2FF28FD100F171B4 /* CustomMapAnnotationView.swift in Sources */ = {isa = PBXBuildFile; fileRef = 30A35DD72FF28FD100F171B4 /* CustomMapAnnotationView.swift */; };
		30A35E7B2FF28FD100F171B4 /* DetailInfoCard.swift in Sources */ = {isa = PBXBuildFile; fileRef = 30A35DD82FF28FD100F171B4 /* DetailInfoCard.swift */; };
		30A35E7C2FF28FD100F171B4 /* EmptyStateView.swift in Sources */ = {isa = PBXBuildFile; fileRef = 30A35DD92FF28FD100F171B4 /* EmptyStateView.swift */; };
		30A35E7D2FF28FD100F171B4 /* FilterChipBar.swift in Sources */ = {isa = PBXBuildFile; fileRef = 30A35DDA2FF28FD100F171B4 /* FilterChipBar.swift */; };
		30A35E7E2FF28FD100F171B4 /* FormSectionCard.swift in Sources */ = {isa = PBXBuildFile; fileRef = 30A35DDB2FF28FD100F171B4 /* FormSectionCard.swift */; };
		30A35E7F2FF28FD100F171B4 /* HomeWidgets.swift in Sources */ = {isa = PBXBuildFile; fileRef = 30A35DDC2FF28FD100F171B4 /* HomeWidgets.swift */; };
		30A35E802FF28FD100F171B4 /* MemoryCardView.swift in Sources */ = {isa = PBXBuildFile; fileRef = 30A35DDD2FF28FD100F171B4 /* MemoryCardView.swift */; };
		30A35E812FF28FD100F171B4 /* MoodGridItemView.swift in Sources */ = {isa = PBXBuildFile; fileRef = 30A35DDE2FF28FD100F171B4 /* MoodGridItemView.swift */; };
		30A35E822FF28FD100F171B4 /* NearbyMemoriesSheet.swift in Sources */ = {isa = PBXBuildFile; fileRef = 30A35DDF2FF28FD100F171B4 /* NearbyMemoriesSheet.swift */; };
		30A35E832FF28FD100F171B4 /* PhotoGalleryView.swift in Sources */ = {isa = PBXBuildFile; fileRef = 30A35DE02FF28FD100F171B4 /* PhotoGalleryView.swift */; };
		30A35E842FF28FD100F171B4 /* SectionHeaderView.swift in Sources */ = {isa = PBXBuildFile; fileRef = 30A35DE12FF28FD100F171B4 /* SectionHeaderView.swift */; };
		30A35E852FF28FD100F171B4 /* ShareButtonView.swift in Sources */ = {isa = PBXBuildFile; fileRef = 30A35DE22FF28FD100F171B4 /* ShareButtonView.swift */; };
		30A35E862FF28FD100F171B4 /* StatMetricCard.swift in Sources */ = {isa = PBXBuildFile; fileRef = 30A35DE32FF28FD100F171B4 /* StatMetricCard.swift */; };
		30A35E872FF28FD100F171B4 /* StatsBarChartView.swift in Sources */ = {isa = PBXBuildFile; fileRef = 30A35DE42FF28FD100F171B4 /* StatsBarChartView.swift */; };
		30A35E882FF28FD100F171B4 /* TagChipView.swift in Sources */ = {isa = PBXBuildFile; fileRef = 30A35DE52FF28FD100F171B4 /* TagChipView.swift */; };
		30A35E892FF28FD100F171B4 /* TripCellView.swift in Sources */ = {isa = PBXBuildFile; fileRef = 30A35DE62FF28FD100F171B4 /* TripCellView.swift */; };
		30A35E8A2FF28FD100F171B4 /* Color+Hex.swift in Sources */ = {isa = PBXBuildFile; fileRef = 30A35DE82FF28FD100F171B4 /* Color+Hex.swift */; };
		30A35E8B2FF28FD100F171B4 /* Date+Formatting.swift in Sources */ = {isa = PBXBuildFile; fileRef = 30A35DE92FF28FD100F171B4 /* Date+Formatting.swift */; };
		30A35E8C2FF28FD100F171B4 /* AppConstants.swift in Sources */ = {isa = PBXBuildFile; fileRef = 30A35DEB2FF28FD100F171B4 /* AppConstants.swift */; };
		30A35E8D2FF28FD100F171B4 /* AppLinks.swift in Sources */ = {isa = PBXBuildFile; fileRef = 30A35DEC2FF28FD100F171B4 /* AppLinks.swift */; };
		30A35E8E2FF28FD100F171B4 /* AppTheme.swift in Sources */ = {isa = PBXBuildFile; fileRef = 30A35DED2FF28FD100F171B4 /* AppTheme.swift */; };
		30A35E8F2FF28FD100F171B4 /* MemoryFilterService.swift in Sources */ = {isa = PBXBuildFile; fileRef = 30A35DEE2FF28FD100F171B4 /* MemoryFilterService.swift */; };
		30A35E902FF28FD100F171B4 /* AppSettings.swift in Sources */ = {isa = PBXBuildFile; fileRef = 30A35DF12FF28FD100F171B4 /* AppSettings.swift */; };
		30A35E912FF28FD100F171B4 /* Memory.swift in Sources */ = {isa = PBXBuildFile; fileRef = 30A35DF22FF28FD100F171B4 /* Memory.swift */; };
		30A35E922FF28FD100F171B4 /* MemoryTag.swift in Sources */ = {isa = PBXBuildFile; fileRef = 30A35DF32FF28FD100F171B4 /* MemoryTag.swift */; };
		30A35E932FF28FD100F171B4 /* Mood.swift in Sources */ = {isa = PBXBuildFile; fileRef = 30A35DF42FF28FD100F171B4 /* Mood.swift */; };
		30A35E942FF28FD100F171B4 /* PlaceTemplate.swift in Sources */ = {isa = PBXBuildFile; fileRef = 30A35DF52FF28FD100F171B4 /* PlaceTemplate.swift */; };
		30A35E952FF28FD100F171B4 /* Statistics.swift in Sources */ = {isa = PBXBuildFile; fileRef = 30A35DF62FF28FD100F171B4 /* Statistics.swift */; };
		30A35E962FF28FD100F171B4 /* Trip.swift in Sources */ = {isa = PBXBuildFile; fileRef = 30A35DF72FF28FD100F171B4 /* Trip.swift */; };
		30A35E972FF28FD100F171B4 /* FeedEntity.swift in Sources */ = {isa = PBXBuildFile; fileRef = 30A35DF92FF28FD100F171B4 /* FeedEntity.swift */; };
		30A35E982FF28FD100F171B4 /* FeedInteractor.swift in Sources */ = {isa = PBXBuildFile; fileRef = 30A35DFB2FF28FD100F171B4 /* FeedInteractor.swift */; };
		30A35E992FF28FD100F171B4 /* FeedPresenter.swift in Sources */ = {isa = PBXBuildFile; fileRef = 30A35DFD2FF28FD100F171B4 /* FeedPresenter.swift */; };
		30A35E9A2FF28FD100F171B4 /* FeedRouter.swift in Sources */ = {isa = PBXBuildFile; fileRef = 30A35DFF2FF28FD100F171B4 /* FeedRouter.swift */; };
		30A35E9B2FF28FD100F171B4 /* FeedView.swift in Sources */ = {isa = PBXBuildFile; fileRef = 30A35E012FF28FD100F171B4 /* FeedView.swift */; };
		30A35E9C2FF28FD100F171B4 /* HomeDashboardEntity.swift in Sources */ = {isa = PBXBuildFile; fileRef = 30A35E042FF28FD100F171B4 /* HomeDashboardEntity.swift */; };
		30A35E9D2FF28FD100F171B4 /* HomeEntity.swift in Sources */ = {isa = PBXBuildFile; fileRef = 30A35E052FF28FD100F171B4 /* HomeEntity.swift */; };
		30A35E9E2FF28FD100F171B4 /* HomeInteractor.swift in Sources */ = {isa = PBXBuildFile; fileRef = 30A35E072FF28FD100F171B4 /* HomeInteractor.swift */; };
		30A35E9F2FF28FD100F171B4 /* HomePresenter.swift in Sources */ = {isa = PBXBuildFile; fileRef = 30A35E092FF28FD100F171B4 /* HomePresenter.swift */; };
		30A35EA02FF28FD100F171B4 /* HomeRouter.swift in Sources */ = {isa = PBXBuildFile; fileRef = 30A35E0B2FF28FD100F171B4 /* HomeRouter.swift */; };
		30A35EA12FF28FD100F171B4 /* HomeDashboardView.swift in Sources */ = {isa = PBXBuildFile; fileRef = 30A35E0D2FF28FD100F171B4 /* HomeDashboardView.swift */; };
		30A35EA22FF28FD100F171B4 /* HomeModuleBuilder.swift in Sources */ = {isa = PBXBuildFile; fileRef = 30A35E0E2FF28FD100F171B4 /* HomeModuleBuilder.swift */; };
		30A35EA32FF28FD100F171B4 /* HomeView.swift in Sources */ = {isa = PBXBuildFile; fileRef = 30A35E0F2FF28FD100F171B4 /* HomeView.swift */; };
		30A35EA42FF28FD100F171B4 /* MapEntity.swift in Sources */ = {isa = PBXBuildFile; fileRef = 30A35E122FF28FD100F171B4 /* MapEntity.swift */; };
		30A35EA52FF28FD100F171B4 /* MapInteractor.swift in Sources */ = {isa = PBXBuildFile; fileRef = 30A35E142FF28FD100F171B4 /* MapInteractor.swift */; };
		30A35EA62FF28FD100F171B4 /* MapPresenter.swift in Sources */ = {isa = PBXBuildFile; fileRef = 30A35E162FF28FD100F171B4 /* MapPresenter.swift */; };
		30A35EA72FF28FD100F171B4 /* MapRouter.swift in Sources */ = {isa = PBXBuildFile; fileRef = 30A35E182FF28FD100F171B4 /* MapRouter.swift */; };
		30A35EA82FF28FD100F171B4 /* MapView.swift in Sources */ = {isa = PBXBuildFile; fileRef = 30A35E1A2FF28FD100F171B4 /* MapView.swift */; };
		30A35EA92FF28FD100F171B4 /* MemoryCreateEntity.swift in Sources */ = {isa = PBXBuildFile; fileRef = 30A35E1D2FF28FD100F171B4 /* MemoryCreateEntity.swift */; };
		30A35EAA2FF28FD100F171B4 /* MemoryCreateInteractor.swift in Sources */ = {isa = PBXBuildFile; fileRef = 30A35E1F2FF28FD100F171B4 /* MemoryCreateInteractor.swift */; };
		30A35EAB2FF28FD100F171B4 /* MemoryCreatePresenter.swift in Sources */ = {isa = PBXBuildFile; fileRef = 30A35E212FF28FD100F171B4 /* MemoryCreatePresenter.swift */; };
		30A35EAC2FF28FD100F171B4 /* MemoryCreateRouter.swift in Sources */ = {isa = PBXBuildFile; fileRef = 30A35E232FF28FD100F171B4 /* MemoryCreateRouter.swift */; };
		30A35EAD2FF28FD100F171B4 /* MemoryCreateView.swift in Sources */ = {isa = PBXBuildFile; fileRef = 30A35E252FF28FD100F171B4 /* MemoryCreateView.swift */; };
		30A35EAE2FF28FD100F171B4 /* MemoryDetailEntity.swift in Sources */ = {isa = PBXBuildFile; fileRef = 30A35E282FF28FD100F171B4 /* MemoryDetailEntity.swift */; };
		30A35EAF2FF28FD100F171B4 /* MemoryDetailInteractor.swift in Sources */ = {isa = PBXBuildFile; fileRef = 30A35E2A2FF28FD100F171B4 /* MemoryDetailInteractor.swift */; };
		30A35EB02FF28FD100F171B4 /* MemoryDetailPresenter.swift in Sources */ = {isa = PBXBuildFile; fileRef = 30A35E2C2FF28FD100F171B4 /* MemoryDetailPresenter.swift */; };
		30A35EB12FF28FD100F171B4 /* MemoryDetailRouter.swift in Sources */ = {isa = PBXBuildFile; fileRef = 30A35E2E2FF28FD100F171B4 /* MemoryDetailRouter.swift */; };
		30A35EB22FF28FD100F171B4 /* MemoryDetailView.swift in Sources */ = {isa = PBXBuildFile; fileRef = 30A35E302FF28FD100F171B4 /* MemoryDetailView.swift */; };
		30A35EB32FF28FD100F171B4 /* OnboardingEntity.swift in Sources */ = {isa = PBXBuildFile; fileRef = 30A35E332FF28FD100F171B4 /* OnboardingEntity.swift */; };
		30A35EB42FF28FD100F171B4 /* OnboardingInteractor.swift in Sources */ = {isa = PBXBuildFile; fileRef = 30A35E352FF28FD100F171B4 /* OnboardingInteractor.swift */; };
		30A35EB52FF28FD100F171B4 /* OnboardingPresenter.swift in Sources */ = {isa = PBXBuildFile; fileRef = 30A35E372FF28FD100F171B4 /* OnboardingPresenter.swift */; };
		30A35EB62FF28FD100F171B4 /* OnboardingRouter.swift in Sources */ = {isa = PBXBuildFile; fileRef = 30A35E392FF28FD100F171B4 /* OnboardingRouter.swift */; };
		30A35EB72FF28FD100F171B4 /* OnboardingModuleBuilder.swift in Sources */ = {isa = PBXBuildFile; fileRef = 30A35E3B2FF28FD100F171B4 /* OnboardingModuleBuilder.swift */; };
		30A35EB82FF28FD100F171B4 /* OnboardingView.swift in Sources */ = {isa = PBXBuildFile; fileRef = 30A35E3C2FF28FD100F171B4 /* OnboardingView.swift */; };
		30A35EB92FF28FD100F171B4 /* SettingsEntity.swift in Sources */ = {isa = PBXBuildFile; fileRef = 30A35E3F2FF28FD100F171B4 /* SettingsEntity.swift */; };
		30A35EBA2FF28FD100F171B4 /* SettingsInteractor.swift in Sources */ = {isa = PBXBuildFile; fileRef = 30A35E412FF28FD100F171B4 /* SettingsInteractor.swift */; };
		30A35EBB2FF28FD100F171B4 /* SettingsPresenter.swift in Sources */ = {isa = PBXBuildFile; fileRef = 30A35E432FF28FD100F171B4 /* SettingsPresenter.swift */; };
		30A35EBC2FF28FD100F171B4 /* SettingsRouter.swift in Sources */ = {isa = PBXBuildFile; fileRef = 30A35E452FF28FD100F171B4 /* SettingsRouter.swift */; };
		30A35EBD2FF28FD100F171B4 /* SettingsView.swift in Sources */ = {isa = PBXBuildFile; fileRef = 30A35E472FF28FD100F171B4 /* SettingsView.swift */; };
		30A35EBE2FF28FD100F171B4 /* StatisticsEntity.swift in Sources */ = {isa = PBXBuildFile; fileRef = 30A35E4A2FF28FD100F171B4 /* StatisticsEntity.swift */; };
		30A35EBF2FF28FD100F171B4 /* StatisticsInteractor.swift in Sources */ = {isa = PBXBuildFile; fileRef = 30A35E4C2FF28FD100F171B4 /* StatisticsInteractor.swift */; };
		30A35EC02FF28FD100F171B4 /* StatisticsPresenter.swift in Sources */ = {isa = PBXBuildFile; fileRef = 30A35E4E2FF28FD100F171B4 /* StatisticsPresenter.swift */; };
		30A35EC12FF28FD100F171B4 /* StatisticsRouter.swift in Sources */ = {isa = PBXBuildFile; fileRef = 30A35E502FF28FD100F171B4 /* StatisticsRouter.swift */; };
		30A35EC22FF28FD100F171B4 /* StatisticsView.swift in Sources */ = {isa = PBXBuildFile; fileRef = 30A35E522FF28FD100F171B4 /* StatisticsView.swift */; };
		30A35EC32FF28FD100F171B4 /* TripsEntity.swift in Sources */ = {isa = PBXBuildFile; fileRef = 30A35E552FF28FD100F171B4 /* TripsEntity.swift */; };
		30A35EC42FF28FD100F171B4 /* TripsInteractor.swift in Sources */ = {isa = PBXBuildFile; fileRef = 30A35E572FF28FD100F171B4 /* TripsInteractor.swift */; };
		30A35EC52FF28FD100F171B4 /* TripsPresenter.swift in Sources */ = {isa = PBXBuildFile; fileRef = 30A35E592FF28FD100F171B4 /* TripsPresenter.swift */; };
		30A35EC62FF28FD100F171B4 /* TripsRouter.swift in Sources */ = {isa = PBXBuildFile; fileRef = 30A35E5B2FF28FD100F171B4 /* TripsRouter.swift */; };
		30A35EC72FF28FD100F171B4 /* TripsView.swift in Sources */ = {isa = PBXBuildFile; fileRef = 30A35E5D2FF28FD100F171B4 /* TripsView.swift */; };
		30A35EC82FF28FD100F171B4 /* AudioRecorderService.swift in Sources */ = {isa = PBXBuildFile; fileRef = 30A35E612FF28FD100F171B4 /* AudioRecorderService.swift */; };
		30A35EC92FF28FD100F171B4 /* MapService.swift in Sources */ = {isa = PBXBuildFile; fileRef = 30A35E622FF28FD100F171B4 /* MapService.swift */; };
		30A35ECA2FF28FD100F171B4 /* MemoryRepository.swift in Sources */ = {isa = PBXBuildFile; fileRef = 30A35E632FF28FD100F171B4 /* MemoryRepository.swift */; };
		30A35ECB2FF28FD100F171B4 /* RecentlyViewedService.swift in Sources */ = {isa = PBXBuildFile; fileRef = 30A35E642FF28FD100F171B4 /* RecentlyViewedService.swift */; };
		30A35ECC2FF28FD100F171B4 /* SettingsRepository.swift in Sources */ = {isa = PBXBuildFile; fileRef = 30A35E652FF28FD100F171B4 /* SettingsRepository.swift */; };
		30A35ECD2FF28FD100F171B4 /* StorageService.swift in Sources */ = {isa = PBXBuildFile; fileRef = 30A35E662FF28FD100F171B4 /* StorageService.swift */; };
		30A35ECE2FF28FD100F171B4 /* TripRepository.swift in Sources */ = {isa = PBXBuildFile; fileRef = 30A35E672FF28FD100F171B4 /* TripRepository.swift */; };
		30A35ECF2FF28FD100F171B4 /* AppDelegate.swift in Sources */ = {isa = PBXBuildFile; fileRef = 30A35E692FF28FD100F171B4 /* AppDelegate.swift */; };
		30A35ED02FF28FD100F171B4 /* ContentView.swift in Sources */ = {isa = PBXBuildFile; fileRef = 30A35E6B2FF28FD100F171B4 /* ContentView.swift */; };
		30A35ED12FF28FD100F171B4 /* SceneDelegate.swift in Sources */ = {isa = PBXBuildFile; fileRef = 30A35E712FF28FD100F171B4 /* SceneDelegate.swift */; };
		30A35ED22FF28FD100F171B4 /* ViewController.swift in Sources */ = {isa = PBXBuildFile; fileRef = 30A35E722FF28FD100F171B4 /* ViewController.swift */; };
/* End PBXBuildFile section */

/* Begin PBXFileReference section */
		3022DE202FE5299700847CF8 /* 185MomentMap.app */ = {isa = PBXFileReference; explicitFileType = wrapper.application; includeInIndex = 0; path = 185MomentMap.app; sourceTree = BUILT_PRODUCTS_DIR; };
		30A35DD42FF28FD100F171B4 /* MomentMapApp.swift */ = {isa = PBXFileReference; lastKnownFileType = sourcecode.swift; path = MomentMapApp.swift; sourceTree = "<group>"; };
		30A35DD62FF28FD100F171B4 /* AudioNotePlayerView.swift */ = {isa = PBXFileReference; lastKnownFileType = sourcecode.swift; path = AudioNotePlayerView.swift; sourceTree = "<group>"; };
		30A35DD72FF28FD100F171B4 /* CustomMapAnnotationView.swift */ = {isa = PBXFileReference; lastKnownFileType = sourcecode.swift; path = CustomMapAnnotationView.swift; sourceTree = "<group>"; };
		30A35DD82FF28FD100F171B4 /* DetailInfoCard.swift */ = {isa = PBXFileReference; lastKnownFileType = sourcecode.swift; path = DetailInfoCard.swift; sourceTree = "<group>"; };
		30A35DD92FF28FD100F171B4 /* EmptyStateView.swift */ = {isa = PBXFileReference; lastKnownFileType = sourcecode.swift; path = EmptyStateView.swift; sourceTree = "<group>"; };
		30A35DDA2FF28FD100F171B4 /* FilterChipBar.swift */ = {isa = PBXFileReference; lastKnownFileType = sourcecode.swift; path = FilterChipBar.swift; sourceTree = "<group>"; };
		30A35DDB2FF28FD100F171B4 /* FormSectionCard.swift */ = {isa = PBXFileReference; lastKnownFileType = sourcecode.swift; path = FormSectionCard.swift; sourceTree = "<group>"; };
		30A35DDC2FF28FD100F171B4 /* HomeWidgets.swift */ = {isa = PBXFileReference; lastKnownFileType = sourcecode.swift; path = HomeWidgets.swift; sourceTree = "<group>"; };
		30A35DDD2FF28FD100F171B4 /* MemoryCardView.swift */ = {isa = PBXFileReference; lastKnownFileType = sourcecode.swift; path = MemoryCardView.swift; sourceTree = "<group>"; };
		30A35DDE2FF28FD100F171B4 /* MoodGridItemView.swift */ = {isa = PBXFileReference; lastKnownFileType = sourcecode.swift; path = MoodGridItemView.swift; sourceTree = "<group>"; };
		30A35DDF2FF28FD100F171B4 /* NearbyMemoriesSheet.swift */ = {isa = PBXFileReference; lastKnownFileType = sourcecode.swift; path = NearbyMemoriesSheet.swift; sourceTree = "<group>"; };
		30A35DE02FF28FD100F171B4 /* PhotoGalleryView.swift */ = {isa = PBXFileReference; lastKnownFileType = sourcecode.swift; path = PhotoGalleryView.swift; sourceTree = "<group>"; };
		30A35DE12FF28FD100F171B4 /* SectionHeaderView.swift */ = {isa = PBXFileReference; lastKnownFileType = sourcecode.swift; path = SectionHeaderView.swift; sourceTree = "<group>"; };
		30A35DE22FF28FD100F171B4 /* ShareButtonView.swift */ = {isa = PBXFileReference; lastKnownFileType = sourcecode.swift; path = ShareButtonView.swift; sourceTree = "<group>"; };
		30A35DE32FF28FD100F171B4 /* StatMetricCard.swift */ = {isa = PBXFileReference; lastKnownFileType = sourcecode.swift; path = StatMetricCard.swift; sourceTree = "<group>"; };
		30A35DE42FF28FD100F171B4 /* StatsBarChartView.swift */ = {isa = PBXFileReference; lastKnownFileType = sourcecode.swift; path = StatsBarChartView.swift; sourceTree = "<group>"; };
		30A35DE52FF28FD100F171B4 /* TagChipView.swift */ = {isa = PBXFileReference; lastKnownFileType = sourcecode.swift; path = TagChipView.swift; sourceTree = "<group>"; };
		30A35DE62FF28FD100F171B4 /* TripCellView.swift */ = {isa = PBXFileReference; lastKnownFileType = sourcecode.swift; path = TripCellView.swift; sourceTree = "<group>"; };
		30A35DE82FF28FD100F171B4 /* Color+Hex.swift */ = {isa = PBXFileReference; lastKnownFileType = sourcecode.swift; path = "Color+Hex.swift"; sourceTree = "<group>"; };
		30A35DE92FF28FD100F171B4 /* Date+Formatting.swift */ = {isa = PBXFileReference; lastKnownFileType = sourcecode.swift; path = "Date+Formatting.swift"; sourceTree = "<group>"; };
		30A35DEB2FF28FD100F171B4 /* AppConstants.swift */ = {isa = PBXFileReference; lastKnownFileType = sourcecode.swift; path = AppConstants.swift; sourceTree = "<group>"; };
		30A35DEC2FF28FD100F171B4 /* AppLinks.swift */ = {isa = PBXFileReference; lastKnownFileType = sourcecode.swift; path = AppLinks.swift; sourceTree = "<group>"; };
		30A35DED2FF28FD100F171B4 /* AppTheme.swift */ = {isa = PBXFileReference; lastKnownFileType = sourcecode.swift; path = AppTheme.swift; sourceTree = "<group>"; };
		30A35DEE2FF28FD100F171B4 /* MemoryFilterService.swift */ = {isa = PBXFileReference; lastKnownFileType = sourcecode.swift; path = MemoryFilterService.swift; sourceTree = "<group>"; };
		30A35DF12FF28FD100F171B4 /* AppSettings.swift */ = {isa = PBXFileReference; lastKnownFileType = sourcecode.swift; path = AppSettings.swift; sourceTree = "<group>"; };
		30A35DF22FF28FD100F171B4 /* Memory.swift */ = {isa = PBXFileReference; lastKnownFileType = sourcecode.swift; path = Memory.swift; sourceTree = "<group>"; };
		30A35DF32FF28FD100F171B4 /* MemoryTag.swift */ = {isa = PBXFileReference; lastKnownFileType = sourcecode.swift; path = MemoryTag.swift; sourceTree = "<group>"; };
		30A35DF42FF28FD100F171B4 /* Mood.swift */ = {isa = PBXFileReference; lastKnownFileType = sourcecode.swift; path = Mood.swift; sourceTree = "<group>"; };
		30A35DF52FF28FD100F171B4 /* PlaceTemplate.swift */ = {isa = PBXFileReference; lastKnownFileType = sourcecode.swift; path = PlaceTemplate.swift; sourceTree = "<group>"; };
		30A35DF62FF28FD100F171B4 /* Statistics.swift */ = {isa = PBXFileReference; lastKnownFileType = sourcecode.swift; path = Statistics.swift; sourceTree = "<group>"; };
		30A35DF72FF28FD100F171B4 /* Trip.swift */ = {isa = PBXFileReference; lastKnownFileType = sourcecode.swift; path = Trip.swift; sourceTree = "<group>"; };
		30A35DF92FF28FD100F171B4 /* FeedEntity.swift */ = {isa = PBXFileReference; lastKnownFileType = sourcecode.swift; path = FeedEntity.swift; sourceTree = "<group>"; };
		30A35DFB2FF28FD100F171B4 /* FeedInteractor.swift */ = {isa = PBXFileReference; lastKnownFileType = sourcecode.swift; path = FeedInteractor.swift; sourceTree = "<group>"; };
		30A35DFD2FF28FD100F171B4 /* FeedPresenter.swift */ = {isa = PBXFileReference; lastKnownFileType = sourcecode.swift; path = FeedPresenter.swift; sourceTree = "<group>"; };
		30A35DFF2FF28FD100F171B4 /* FeedRouter.swift */ = {isa = PBXFileReference; lastKnownFileType = sourcecode.swift; path = FeedRouter.swift; sourceTree = "<group>"; };
		30A35E012FF28FD100F171B4 /* FeedView.swift */ = {isa = PBXFileReference; lastKnownFileType = sourcecode.swift; path = FeedView.swift; sourceTree = "<group>"; };
		30A35E042FF28FD100F171B4 /* HomeDashboardEntity.swift */ = {isa = PBXFileReference; lastKnownFileType = sourcecode.swift; path = HomeDashboardEntity.swift; sourceTree = "<group>"; };
		30A35E052FF28FD100F171B4 /* HomeEntity.swift */ = {isa = PBXFileReference; lastKnownFileType = sourcecode.swift; path = HomeEntity.swift; sourceTree = "<group>"; };
		30A35E072FF28FD100F171B4 /* HomeInteractor.swift */ = {isa = PBXFileReference; lastKnownFileType = sourcecode.swift; path = HomeInteractor.swift; sourceTree = "<group>"; };
		30A35E092FF28FD100F171B4 /* HomePresenter.swift */ = {isa = PBXFileReference; lastKnownFileType = sourcecode.swift; path = HomePresenter.swift; sourceTree = "<group>"; };
		30A35E0B2FF28FD100F171B4 /* HomeRouter.swift */ = {isa = PBXFileReference; lastKnownFileType = sourcecode.swift; path = HomeRouter.swift; sourceTree = "<group>"; };
		30A35E0D2FF28FD100F171B4 /* HomeDashboardView.swift */ = {isa = PBXFileReference; lastKnownFileType = sourcecode.swift; path = HomeDashboardView.swift; sourceTree = "<group>"; };
		30A35E0E2FF28FD100F171B4 /* HomeModuleBuilder.swift */ = {isa = PBXFileReference; lastKnownFileType = sourcecode.swift; path = HomeModuleBuilder.swift; sourceTree = "<group>"; };
		30A35E0F2FF28FD100F171B4 /* HomeView.swift */ = {isa = PBXFileReference; lastKnownFileType = sourcecode.swift; path = HomeView.swift; sourceTree = "<group>"; };
		30A35E122FF28FD100F171B4 /* MapEntity.swift */ = {isa = PBXFileReference; lastKnownFileType = sourcecode.swift; path = MapEntity.swift; sourceTree = "<group>"; };
		30A35E142FF28FD100F171B4 /* MapInteractor.swift */ = {isa = PBXFileReference; lastKnownFileType = sourcecode.swift; path = MapInteractor.swift; sourceTree = "<group>"; };
		30A35E162FF28FD100F171B4 /* MapPresenter.swift */ = {isa = PBXFileReference; lastKnownFileType = sourcecode.swift; path = MapPresenter.swift; sourceTree = "<group>"; };
		30A35E182FF28FD100F171B4 /* MapRouter.swift */ = {isa = PBXFileReference; lastKnownFileType = sourcecode.swift; path = MapRouter.swift; sourceTree = "<group>"; };
		30A35E1A2FF28FD100F171B4 /* MapView.swift */ = {isa = PBXFileReference; lastKnownFileType = sourcecode.swift; path = MapView.swift; sourceTree = "<group>"; };
		30A35E1D2FF28FD100F171B4 /* MemoryCreateEntity.swift */ = {isa = PBXFileReference; lastKnownFileType = sourcecode.swift; path = MemoryCreateEntity.swift; sourceTree = "<group>"; };
		30A35E1F2FF28FD100F171B4 /* MemoryCreateInteractor.swift */ = {isa = PBXFileReference; lastKnownFileType = sourcecode.swift; path = MemoryCreateInteractor.swift; sourceTree = "<group>"; };
		30A35E212FF28FD100F171B4 /* MemoryCreatePresenter.swift */ = {isa = PBXFileReference; lastKnownFileType = sourcecode.swift; path = MemoryCreatePresenter.swift; sourceTree = "<group>"; };
		30A35E232FF28FD100F171B4 /* MemoryCreateRouter.swift */ = {isa = PBXFileReference; lastKnownFileType = sourcecode.swift; path = MemoryCreateRouter.swift; sourceTree = "<group>"; };
		30A35E252FF28FD100F171B4 /* MemoryCreateView.swift */ = {isa = PBXFileReference; lastKnownFileType = sourcecode.swift; path = MemoryCreateView.swift; sourceTree = "<group>"; };
		30A35E282FF28FD100F171B4 /* MemoryDetailEntity.swift */ = {isa = PBXFileReference; lastKnownFileType = sourcecode.swift; path = MemoryDetailEntity.swift; sourceTree = "<group>"; };
		30A35E2A2FF28FD100F171B4 /* MemoryDetailInteractor.swift */ = {isa = PBXFileReference; lastKnownFileType = sourcecode.swift; path = MemoryDetailInteractor.swift; sourceTree = "<group>"; };
		30A35E2C2FF28FD100F171B4 /* MemoryDetailPresenter.swift */ = {isa = PBXFileReference; lastKnownFileType = sourcecode.swift; path = MemoryDetailPresenter.swift; sourceTree = "<group>"; };
		30A35E2E2FF28FD100F171B4 /* MemoryDetailRouter.swift */ = {isa = PBXFileReference; lastKnownFileType = sourcecode.swift; path = MemoryDetailRouter.swift; sourceTree = "<group>"; };
		30A35E302FF28FD100F171B4 /* MemoryDetailView.swift */ = {isa = PBXFileReference; lastKnownFileType = sourcecode.swift; path = MemoryDetailView.swift; sourceTree = "<group>"; };
		30A35E332FF28FD100F171B4 /* OnboardingEntity.swift */ = {isa = PBXFileReference; lastKnownFileType = sourcecode.swift; path = OnboardingEntity.swift; sourceTree = "<group>"; };
		30A35E352FF28FD100F171B4 /* OnboardingInteractor.swift */ = {isa = PBXFileReference; lastKnownFileType = sourcecode.swift; path = OnboardingInteractor.swift; sourceTree = "<group>"; };
		30A35E372FF28FD100F171B4 /* OnboardingPresenter.swift */ = {isa = PBXFileReference; lastKnownFileType = sourcecode.swift; path = OnboardingPresenter.swift; sourceTree = "<group>"; };
		30A35E392FF28FD100F171B4 /* OnboardingRouter.swift */ = {isa = PBXFileReference; lastKnownFileType = sourcecode.swift; path = OnboardingRouter.swift; sourceTree = "<group>"; };
		30A35E3B2FF28FD100F171B4 /* OnboardingModuleBuilder.swift */ = {isa = PBXFileReference; lastKnownFileType = sourcecode.swift; path = OnboardingModuleBuilder.swift; sourceTree = "<group>"; };
		30A35E3C2FF28FD100F171B4 /* OnboardingView.swift */ = {isa = PBXFileReference; lastKnownFileType = sourcecode.swift; path = OnboardingView.swift; sourceTree = "<group>"; };
		30A35E3F2FF28FD100F171B4 /* SettingsEntity.swift */ = {isa = PBXFileReference; lastKnownFileType = sourcecode.swift; path = SettingsEntity.swift; sourceTree = "<group>"; };
		30A35E412FF28FD100F171B4 /* SettingsInteractor.swift */ = {isa = PBXFileReference; lastKnownFileType = sourcecode.swift; path = SettingsInteractor.swift; sourceTree = "<group>"; };
		30A35E432FF28FD100F171B4 /* SettingsPresenter.swift */ = {isa = PBXFileReference; lastKnownFileType = sourcecode.swift; path = SettingsPresenter.swift; sourceTree = "<group>"; };
		30A35E452FF28FD100F171B4 /* SettingsRouter.swift */ = {isa = PBXFileReference; lastKnownFileType = sourcecode.swift; path = SettingsRouter.swift; sourceTree = "<group>"; };
		30A35E472FF28FD100F171B4 /* SettingsView.swift */ = {isa = PBXFileReference; lastKnownFileType = sourcecode.swift; path = SettingsView.swift; sourceTree = "<group>"; };
		30A35E4A2FF28FD100F171B4 /* StatisticsEntity.swift */ = {isa = PBXFileReference; lastKnownFileType = sourcecode.swift; path = StatisticsEntity.swift; sourceTree = "<group>"; };
		30A35E4C2FF28FD100F171B4 /* StatisticsInteractor.swift */ = {isa = PBXFileReference; lastKnownFileType = sourcecode.swift; path = StatisticsInteractor.swift; sourceTree = "<group>"; };
		30A35E4E2FF28FD100F171B4 /* StatisticsPresenter.swift */ = {isa = PBXFileReference; lastKnownFileType = sourcecode.swift; path = StatisticsPresenter.swift; sourceTree = "<group>"; };
		30A35E502FF28FD100F171B4 /* StatisticsRouter.swift */ = {isa = PBXFileReference; lastKnownFileType = sourcecode.swift; path = StatisticsRouter.swift; sourceTree = "<group>"; };
		30A35E522FF28FD100F171B4 /* StatisticsView.swift */ = {isa = PBXFileReference; lastKnownFileType = sourcecode.swift; path = StatisticsView.swift; sourceTree = "<group>"; };
		30A35E552FF28FD100F171B4 /* TripsEntity.swift */ = {isa = PBXFileReference; lastKnownFileType = sourcecode.swift; path = TripsEntity.swift; sourceTree = "<group>"; };
		30A35E572FF28FD100F171B4 /* TripsInteractor.swift */ = {isa = PBXFileReference; lastKnownFileType = sourcecode.swift; path = TripsInteractor.swift; sourceTree = "<group>"; };
		30A35E592FF28FD100F171B4 /* TripsPresenter.swift */ = {isa = PBXFileReference; lastKnownFileType = sourcecode.swift; path = TripsPresenter.swift; sourceTree = "<group>"; };
		30A35E5B2FF28FD100F171B4 /* TripsRouter.swift */ = {isa = PBXFileReference; lastKnownFileType = sourcecode.swift; path = TripsRouter.swift; sourceTree = "<group>"; };
		30A35E5D2FF28FD100F171B4 /* TripsView.swift */ = {isa = PBXFileReference; lastKnownFileType = sourcecode.swift; path = TripsView.swift; sourceTree = "<group>"; };
		30A35E612FF28FD100F171B4 /* AudioRecorderService.swift */ = {isa = PBXFileReference; lastKnownFileType = sourcecode.swift; path = AudioRecorderService.swift; sourceTree = "<group>"; };
		30A35E622FF28FD100F171B4 /* MapService.swift */ = {isa = PBXFileReference; lastKnownFileType = sourcecode.swift; path = MapService.swift; sourceTree = "<group>"; };
		30A35E632FF28FD100F171B4 /* MemoryRepository.swift */ = {isa = PBXFileReference; lastKnownFileType = sourcecode.swift; path = MemoryRepository.swift; sourceTree = "<group>"; };
		30A35E642FF28FD100F171B4 /* RecentlyViewedService.swift */ = {isa = PBXFileReference; lastKnownFileType = sourcecode.swift; path = RecentlyViewedService.swift; sourceTree = "<group>"; };
		30A35E652FF28FD100F171B4 /* SettingsRepository.swift */ = {isa = PBXFileReference; lastKnownFileType = sourcecode.swift; path = SettingsRepository.swift; sourceTree = "<group>"; };
		30A35E662FF28FD100F171B4 /* StorageService.swift */ = {isa = PBXFileReference; lastKnownFileType = sourcecode.swift; path = StorageService.swift; sourceTree = "<group>"; };
		30A35E672FF28FD100F171B4 /* TripRepository.swift */ = {isa = PBXFileReference; lastKnownFileType = sourcecode.swift; path = TripRepository.swift; sourceTree = "<group>"; };
		30A35E692FF28FD100F171B4 /* AppDelegate.swift */ = {isa = PBXFileReference; lastKnownFileType = sourcecode.swift; path = AppDelegate.swift; sourceTree = "<group>"; };
		30A35E6A2FF28FD100F171B4 /* Assets.xcassets */ = {isa = PBXFileReference; lastKnownFileType = folder.assetcatalog; path = Assets.xcassets; sourceTree = "<group>"; };
		30A35E6B2FF28FD100F171B4 /* ContentView.swift */ = {isa = PBXFileReference; lastKnownFileType = sourcecode.swift; path = ContentView.swift; sourceTree = "<group>"; };
		30A35E6C2FF28FD100F171B4 /* Info.plist */ = {isa = PBXFileReference; lastKnownFileType = text.plist.xml; path = Info.plist; sourceTree = "<group>"; };
		30A35E6D2FF28FD100F171B4 /* Base */ = {isa = PBXFileReference; lastKnownFileType = file.storyboard; name = Base; path = Base.lproj/LaunchScreen.storyboard; sourceTree = "<group>"; };
		30A35E6F2FF28FD100F171B4 /* Base */ = {isa = PBXFileReference; lastKnownFileType = file.storyboard; name = Base; path = Base.lproj/Main.storyboard; sourceTree = "<group>"; };
		30A35E712FF28FD100F171B4 /* SceneDelegate.swift */ = {isa = PBXFileReference; lastKnownFileType = sourcecode.swift; path = SceneDelegate.swift; sourceTree = "<group>"; };
		30A35E722FF28FD100F171B4 /* ViewController.swift */ = {isa = PBXFileReference; lastKnownFileType = sourcecode.swift; path = ViewController.swift; sourceTree = "<group>"; };
		727252FD9866D8FCCE4561C6 /* Pods-185MomentMap.debug.xcconfig */ = {isa = PBXFileReference; includeInIndex = 1; lastKnownFileType = text.xcconfig; name = "Pods-185MomentMap.debug.xcconfig"; path = "Target Support Files/Pods-185MomentMap/Pods-185MomentMap.debug.xcconfig"; sourceTree = "<group>"; };
		7F23365CE36F8BA31CF1F9D2 /* Pods_185MomentMap.framework */ = {isa = PBXFileReference; explicitFileType = wrapper.framework; includeInIndex = 0; path = Pods_185MomentMap.framework; sourceTree = BUILT_PRODUCTS_DIR; };
		F127AC9D90653ABED0952A00 /* Pods-185MomentMap.release.xcconfig */ = {isa = PBXFileReference; includeInIndex = 1; lastKnownFileType = text.xcconfig; name = "Pods-185MomentMap.release.xcconfig"; path = "Target Support Files/Pods-185MomentMap/Pods-185MomentMap.release.xcconfig"; sourceTree = "<group>"; };
/* End PBXFileReference section */

/* Begin PBXFrameworksBuildPhase section */
		3022DE1D2FE5299700847CF8 /* Frameworks */ = {
			isa = PBXFrameworksBuildPhase;
			buildActionMask = 2147483647;
			files = (
			);
			runOnlyForDeploymentPostprocessing = 0;
		};
/* End PBXFrameworksBuildPhase section */

/* Begin PBXGroup section */
		3022DE172FE5299700847CF8 = {
			isa = PBXGroup;
			children = (
				30A35E732FF28FD100F171B4 /* 185MomentMap */,
				3022DE212FE5299700847CF8 /* Products */,
				97A67C680EAAF5837C96E0EA /* Pods */,
				BF10427A7BCC27C1A1732991 /* Frameworks */,
			);
			sourceTree = "<group>";
		};
		3022DE212FE5299700847CF8 /* Products */ = {
			isa = PBXGroup;
			children = (
				3022DE202FE5299700847CF8 /* 185MomentMap.app */,
			);
			name = Products;
			sourceTree = "<group>";
		};
		30A35DD52FF28FD100F171B4 /* App */ = {
			isa = PBXGroup;
			children = (
				30A35DD42FF28FD100F171B4 /* MomentMapApp.swift */,
			);
			path = App;
			sourceTree = "<group>";
		};
		30A35DE72FF28FD100F171B4 /* Components */ = {
			isa = PBXGroup;
			children = (
				30A35DD62FF28FD100F171B4 /* AudioNotePlayerView.swift */,
				30A35DD72FF28FD100F171B4 /* CustomMapAnnotationView.swift */,
				30A35DD82FF28FD100F171B4 /* DetailInfoCard.swift */,
				30A35DD92FF28FD100F171B4 /* EmptyStateView.swift */,
				30A35DDA2FF28FD100F171B4 /* FilterChipBar.swift */,
				30A35DDB2FF28FD100F171B4 /* FormSectionCard.swift */,
				30A35DDC2FF28FD100F171B4 /* HomeWidgets.swift */,
				30A35DDD2FF28FD100F171B4 /* MemoryCardView.swift */,
				30A35DDE2FF28FD100F171B4 /* MoodGridItemView.swift */,
				30A35DDF2FF28FD100F171B4 /* NearbyMemoriesSheet.swift */,
				30A35DE02FF28FD100F171B4 /* PhotoGalleryView.swift */,
				30A35DE12FF28FD100F171B4 /* SectionHeaderView.swift */,
				30A35DE22FF28FD100F171B4 /* ShareButtonView.swift */,
				30A35DE32FF28FD100F171B4 /* StatMetricCard.swift */,
				30A35DE42FF28FD100F171B4 /* StatsBarChartView.swift */,
				30A35DE52FF28FD100F171B4 /* TagChipView.swift */,
				30A35DE62FF28FD100F171B4 /* TripCellView.swift */,
			);
			path = Components;
			sourceTree = "<group>";
		};
		30A35DEA2FF28FD100F171B4 /* Extensions */ = {
			isa = PBXGroup;
			children = (
				30A35DE82FF28FD100F171B4 /* Color+Hex.swift */,
				30A35DE92FF28FD100F171B4 /* Date+Formatting.swift */,
			);
			path = Extensions;
			sourceTree = "<group>";
		};
		30A35DEF2FF28FD100F171B4 /* Utilities */ = {
			isa = PBXGroup;
			children = (
				30A35DEB2FF28FD100F171B4 /* AppConstants.swift */,
				30A35DEC2FF28FD100F171B4 /* AppLinks.swift */,
				30A35DED2FF28FD100F171B4 /* AppTheme.swift */,
				30A35DEE2FF28FD100F171B4 /* MemoryFilterService.swift */,
			);
			path = Utilities;
			sourceTree = "<group>";
		};
		30A35DF02FF28FD100F171B4 /* Common */ = {
			isa = PBXGroup;
			children = (
				30A35DE72FF28FD100F171B4 /* Components */,
				30A35DEA2FF28FD100F171B4 /* Extensions */,
				30A35DEF2FF28FD100F171B4 /* Utilities */,
			);
			path = Common;
			sourceTree = "<group>";
		};
		30A35DF82FF28FD100F171B4 /* Models */ = {
			isa = PBXGroup;
			children = (
				30A35DF12FF28FD100F171B4 /* AppSettings.swift */,
				30A35DF22FF28FD100F171B4 /* Memory.swift */,
				30A35DF32FF28FD100F171B4 /* MemoryTag.swift */,
				30A35DF42FF28FD100F171B4 /* Mood.swift */,
				30A35DF52FF28FD100F171B4 /* PlaceTemplate.swift */,
				30A35DF62FF28FD100F171B4 /* Statistics.swift */,
				30A35DF72FF28FD100F171B4 /* Trip.swift */,
			);
			path = Models;
			sourceTree = "<group>";
		};
		30A35DFA2FF28FD100F171B4 /* Entity */ = {
			isa = PBXGroup;
			children = (
				30A35DF92FF28FD100F171B4 /* FeedEntity.swift */,
			);
			path = Entity;
			sourceTree = "<group>";
		};
		30A35DFC2FF28FD100F171B4 /* Interactor */ = {
			isa = PBXGroup;
			children = (
				30A35DFB2FF28FD100F171B4 /* FeedInteractor.swift */,
			);
			path = Interactor;
			sourceTree = "<group>";
		};
		30A35DFE2FF28FD100F171B4 /* Presenter */ = {
			isa = PBXGroup;
			children = (
				30A35DFD2FF28FD100F171B4 /* FeedPresenter.swift */,
			);
			path = Presenter;
			sourceTree = "<group>";
		};
		30A35E002FF28FD100F171B4 /* Router */ = {
			isa = PBXGroup;
			children = (
				30A35DFF2FF28FD100F171B4 /* FeedRouter.swift */,
			);
			path = Router;
			sourceTree = "<group>";
		};
		30A35E022FF28FD100F171B4 /* View */ = {
			isa = PBXGroup;
			children = (
				30A35E012FF28FD100F171B4 /* FeedView.swift */,
			);
			path = View;
			sourceTree = "<group>";
		};
		30A35E032FF28FD100F171B4 /* Feed */ = {
			isa = PBXGroup;
			children = (
				30A35DFA2FF28FD100F171B4 /* Entity */,
				30A35DFC2FF28FD100F171B4 /* Interactor */,
				30A35DFE2FF28FD100F171B4 /* Presenter */,
				30A35E002FF28FD100F171B4 /* Router */,
				30A35E022FF28FD100F171B4 /* View */,
			);
			path = Feed;
			sourceTree = "<group>";
		};
		30A35E062FF28FD100F171B4 /* Entity */ = {
			isa = PBXGroup;
			children = (
				30A35E042FF28FD100F171B4 /* HomeDashboardEntity.swift */,
				30A35E052FF28FD100F171B4 /* HomeEntity.swift */,
			);
			path = Entity;
			sourceTree = "<group>";
		};
		30A35E082FF28FD100F171B4 /* Interactor */ = {
			isa = PBXGroup;
			children = (
				30A35E072FF28FD100F171B4 /* HomeInteractor.swift */,
			);
			path = Interactor;
			sourceTree = "<group>";
		};
		30A35E0A2FF28FD100F171B4 /* Presenter */ = {
			isa = PBXGroup;
			children = (
				30A35E092FF28FD100F171B4 /* HomePresenter.swift */,
			);
			path = Presenter;
			sourceTree = "<group>";
		};
		30A35E0C2FF28FD100F171B4 /* Router */ = {
			isa = PBXGroup;
			children = (
				30A35E0B2FF28FD100F171B4 /* HomeRouter.swift */,
			);
			path = Router;
			sourceTree = "<group>";
		};
		30A35E102FF28FD100F171B4 /* View */ = {
			isa = PBXGroup;
			children = (
				30A35E0D2FF28FD100F171B4 /* HomeDashboardView.swift */,
				30A35E0E2FF28FD100F171B4 /* HomeModuleBuilder.swift */,
				30A35E0F2FF28FD100F171B4 /* HomeView.swift */,
			);
			path = View;
			sourceTree = "<group>";
		};
		30A35E112FF28FD100F171B4 /* Home */ = {
			isa = PBXGroup;
			children = (
				30A35E062FF28FD100F171B4 /* Entity */,
				30A35E082FF28FD100F171B4 /* Interactor */,
				30A35E0A2FF28FD100F171B4 /* Presenter */,
				30A35E0C2FF28FD100F171B4 /* Router */,
				30A35E102FF28FD100F171B4 /* View */,
			);
			path = Home;
			sourceTree = "<group>";
		};
		30A35E132FF28FD100F171B4 /* Entity */ = {
			isa = PBXGroup;
			children = (
				30A35E122FF28FD100F171B4 /* MapEntity.swift */,
			);
			path = Entity;
			sourceTree = "<group>";
		};
		30A35E152FF28FD100F171B4 /* Interactor */ = {
			isa = PBXGroup;
			children = (
				30A35E142FF28FD100F171B4 /* MapInteractor.swift */,
			);
			path = Interactor;
			sourceTree = "<group>";
		};
		30A35E172FF28FD100F171B4 /* Presenter */ = {
			isa = PBXGroup;
			children = (
				30A35E162FF28FD100F171B4 /* MapPresenter.swift */,
			);
			path = Presenter;
			sourceTree = "<group>";
		};
		30A35E192FF28FD100F171B4 /* Router */ = {
			isa = PBXGroup;
			children = (
				30A35E182FF28FD100F171B4 /* MapRouter.swift */,
			);
			path = Router;
			sourceTree = "<group>";
		};
		30A35E1B2FF28FD100F171B4 /* View */ = {
			isa = PBXGroup;
			children = (
				30A35E1A2FF28FD100F171B4 /* MapView.swift */,
			);
			path = View;
			sourceTree = "<group>";
		};
		30A35E1C2FF28FD100F171B4 /* Map */ = {
			isa = PBXGroup;
			children = (
				30A35E132FF28FD100F171B4 /* Entity */,
				30A35E152FF28FD100F171B4 /* Interactor */,
				30A35E172FF28FD100F171B4 /* Presenter */,
				30A35E192FF28FD100F171B4 /* Router */,
				30A35E1B2FF28FD100F171B4 /* View */,
			);
			path = Map;
			sourceTree = "<group>";
		};
		30A35E1E2FF28FD100F171B4 /* Entity */ = {
			isa = PBXGroup;
			children = (
				30A35E1D2FF28FD100F171B4 /* MemoryCreateEntity.swift */,
			);
			path = Entity;
			sourceTree = "<group>";
		};
		30A35E202FF28FD100F171B4 /* Interactor */ = {
			isa = PBXGroup;
			children = (
				30A35E1F2FF28FD100F171B4 /* MemoryCreateInteractor.swift */,
			);
			path = Interactor;
			sourceTree = "<group>";
		};
		30A35E222FF28FD100F171B4 /* Presenter */ = {
			isa = PBXGroup;
			children = (
				30A35E212FF28FD100F171B4 /* MemoryCreatePresenter.swift */,
			);
			path = Presenter;
			sourceTree = "<group>";
		};
		30A35E242FF28FD100F171B4 /* Router */ = {
			isa = PBXGroup;
			children = (
				30A35E232FF28FD100F171B4 /* MemoryCreateRouter.swift */,
			);
			path = Router;
			sourceTree = "<group>";
		};
		30A35E262FF28FD100F171B4 /* View */ = {
			isa = PBXGroup;
			children = (
				30A35E252FF28FD100F171B4 /* MemoryCreateView.swift */,
			);
			path = View;
			sourceTree = "<group>";
		};
		30A35E272FF28FD100F171B4 /* MemoryCreate */ = {
			isa = PBXGroup;
			children = (
				30A35E1E2FF28FD100F171B4 /* Entity */,
				30A35E202FF28FD100F171B4 /* Interactor */,
				30A35E222FF28FD100F171B4 /* Presenter */,
				30A35E242FF28FD100F171B4 /* Router */,
				30A35E262FF28FD100F171B4 /* View */,
			);
			path = MemoryCreate;
			sourceTree = "<group>";
		};
		30A35E292FF28FD100F171B4 /* Entity */ = {
			isa = PBXGroup;
			children = (
				30A35E282FF28FD100F171B4 /* MemoryDetailEntity.swift */,
			);
			path = Entity;
			sourceTree = "<group>";
		};
		30A35E2B2FF28FD100F171B4 /* Interactor */ = {
			isa = PBXGroup;
			children = (
				30A35E2A2FF28FD100F171B4 /* MemoryDetailInteractor.swift */,
			);
			path = Interactor;
			sourceTree = "<group>";
		};
		30A35E2D2FF28FD100F171B4 /* Presenter */ = {
			isa = PBXGroup;
			children = (
				30A35E2C2FF28FD100F171B4 /* MemoryDetailPresenter.swift */,
			);
			path = Presenter;
			sourceTree = "<group>";
		};
		30A35E2F2FF28FD100F171B4 /* Router */ = {
			isa = PBXGroup;
			children = (
				30A35E2E2FF28FD100F171B4 /* MemoryDetailRouter.swift */,
			);
			path = Router;
			sourceTree = "<group>";
		};
		30A35E312FF28FD100F171B4 /* View */ = {
			isa = PBXGroup;
			children = (
				30A35E302FF28FD100F171B4 /* MemoryDetailView.swift */,
			);
			path = View;
			sourceTree = "<group>";
		};
		30A35E322FF28FD100F171B4 /* MemoryDetail */ = {
			isa = PBXGroup;
			children = (
				30A35E292FF28FD100F171B4 /* Entity */,
				30A35E2B2FF28FD100F171B4 /* Interactor */,
				30A35E2D2FF28FD100F171B4 /* Presenter */,
				30A35E2F2FF28FD100F171B4 /* Router */,
				30A35E312FF28FD100F171B4 /* View */,
			);
			path = MemoryDetail;
			sourceTree = "<group>";
		};
		30A35E342FF28FD100F171B4 /* Entity */ = {
			isa = PBXGroup;
			children = (
				30A35E332FF28FD100F171B4 /* OnboardingEntity.swift */,
			);
			path = Entity;
			sourceTree = "<group>";
		};
		30A35E362FF28FD100F171B4 /* Interactor */ = {
			isa = PBXGroup;
			children = (
				30A35E352FF28FD100F171B4 /* OnboardingInteractor.swift */,
			);
			path = Interactor;
			sourceTree = "<group>";
		};
		30A35E382FF28FD100F171B4 /* Presenter */ = {
			isa = PBXGroup;
			children = (
				30A35E372FF28FD100F171B4 /* OnboardingPresenter.swift */,
			);
			path = Presenter;
			sourceTree = "<group>";
		};
		30A35E3A2FF28FD100F171B4 /* Router */ = {
			isa = PBXGroup;
			children = (
				30A35E392FF28FD100F171B4 /* OnboardingRouter.swift */,
			);
			path = Router;
			sourceTree = "<group>";
		};
		30A35E3D2FF28FD100F171B4 /* View */ = {
			isa = PBXGroup;
			children = (
				30A35E3B2FF28FD100F171B4 /* OnboardingModuleBuilder.swift */,
				30A35E3C2FF28FD100F171B4 /* OnboardingView.swift */,
			);
			path = View;
			sourceTree = "<group>";
		};
		30A35E3E2FF28FD100F171B4 /* Onboarding */ = {
			isa = PBXGroup;
			children = (
				30A35E342FF28FD100F171B4 /* Entity */,
				30A35E362FF28FD100F171B4 /* Interactor */,
				30A35E382FF28FD100F171B4 /* Presenter */,
				30A35E3A2FF28FD100F171B4 /* Router */,
				30A35E3D2FF28FD100F171B4 /* View */,
			);
			path = Onboarding;
			sourceTree = "<group>";
		};
		30A35E402FF28FD100F171B4 /* Entity */ = {
			isa = PBXGroup;
			children = (
				30A35E3F2FF28FD100F171B4 /* SettingsEntity.swift */,
			);
			path = Entity;
			sourceTree = "<group>";
		};
		30A35E422FF28FD100F171B4 /* Interactor */ = {
			isa = PBXGroup;
			children = (
				30A35E412FF28FD100F171B4 /* SettingsInteractor.swift */,
			);
			path = Interactor;
			sourceTree = "<group>";
		};
		30A35E442FF28FD100F171B4 /* Presenter */ = {
			isa = PBXGroup;
			children = (
				30A35E432FF28FD100F171B4 /* SettingsPresenter.swift */,
			);
			path = Presenter;
			sourceTree = "<group>";
		};
		30A35E462FF28FD100F171B4 /* Router */ = {
			isa = PBXGroup;
			children = (
				30A35E452FF28FD100F171B4 /* SettingsRouter.swift */,
			);
			path = Router;
			sourceTree = "<group>";
		};
		30A35E482FF28FD100F171B4 /* View */ = {
			isa = PBXGroup;
			children = (
				30A35E472FF28FD100F171B4 /* SettingsView.swift */,
			);
			path = View;
			sourceTree = "<group>";
		};
		30A35E492FF28FD100F171B4 /* Settings */ = {
			isa = PBXGroup;
			children = (
				30A35E402FF28FD100F171B4 /* Entity */,
				30A35E422FF28FD100F171B4 /* Interactor */,
				30A35E442FF28FD100F171B4 /* Presenter */,
				30A35E462FF28FD100F171B4 /* Router */,
				30A35E482FF28FD100F171B4 /* View */,
			);
			path = Settings;
			sourceTree = "<group>";
		};
		30A35E4B2FF28FD100F171B4 /* Entity */ = {
			isa = PBXGroup;
			children = (
				30A35E4A2FF28FD100F171B4 /* StatisticsEntity.swift */,
			);
			path = Entity;
			sourceTree = "<group>";
		};
		30A35E4D2FF28FD100F171B4 /* Interactor */ = {
			isa = PBXGroup;
			children = (
				30A35E4C2FF28FD100F171B4 /* StatisticsInteractor.swift */,
			);
			path = Interactor;
			sourceTree = "<group>";
		};
		30A35E4F2FF28FD100F171B4 /* Presenter */ = {
			isa = PBXGroup;
			children = (
				30A35E4E2FF28FD100F171B4 /* StatisticsPresenter.swift */,
			);
			path = Presenter;
			sourceTree = "<group>";
		};
		30A35E512FF28FD100F171B4 /* Router */ = {
			isa = PBXGroup;
			children = (
				30A35E502FF28FD100F171B4 /* StatisticsRouter.swift */,
			);
			path = Router;
			sourceTree = "<group>";
		};
		30A35E532FF28FD100F171B4 /* View */ = {
			isa = PBXGroup;
			children = (
				30A35E522FF28FD100F171B4 /* StatisticsView.swift */,
			);
			path = View;
			sourceTree = "<group>";
		};
		30A35E542FF28FD100F171B4 /* Statistics */ = {
			isa = PBXGroup;
			children = (
				30A35E4B2FF28FD100F171B4 /* Entity */,
				30A35E4D2FF28FD100F171B4 /* Interactor */,
				30A35E4F2FF28FD100F171B4 /* Presenter */,
				30A35E512FF28FD100F171B4 /* Router */,
				30A35E532FF28FD100F171B4 /* View */,
			);
			path = Statistics;
			sourceTree = "<group>";
		};
		30A35E562FF28FD100F171B4 /* Entity */ = {
			isa = PBXGroup;
			children = (
				30A35E552FF28FD100F171B4 /* TripsEntity.swift */,
			);
			path = Entity;
			sourceTree = "<group>";
		};
		30A35E582FF28FD100F171B4 /* Interactor */ = {
			isa = PBXGroup;
			children = (
				30A35E572FF28FD100F171B4 /* TripsInteractor.swift */,
			);
			path = Interactor;
			sourceTree = "<group>";
		};
		30A35E5A2FF28FD100F171B4 /* Presenter */ = {
			isa = PBXGroup;
			children = (
				30A35E592FF28FD100F171B4 /* TripsPresenter.swift */,
			);
			path = Presenter;
			sourceTree = "<group>";
		};
		30A35E5C2FF28FD100F171B4 /* Router */ = {
			isa = PBXGroup;
			children = (
				30A35E5B2FF28FD100F171B4 /* TripsRouter.swift */,
			);
			path = Router;
			sourceTree = "<group>";
		};
		30A35E5E2FF28FD100F171B4 /* View */ = {
			isa = PBXGroup;
			children = (
				30A35E5D2FF28FD100F171B4 /* TripsView.swift */,
			);
			path = View;
			sourceTree = "<group>";
		};
		30A35E5F2FF28FD100F171B4 /* Trips */ = {
			isa = PBXGroup;
			children = (
				30A35E562FF28FD100F171B4 /* Entity */,
				30A35E582FF28FD100F171B4 /* Interactor */,
				30A35E5A2FF28FD100F171B4 /* Presenter */,
				30A35E5C2FF28FD100F171B4 /* Router */,
				30A35E5E2FF28FD100F171B4 /* View */,
			);
			path = Trips;
			sourceTree = "<group>";
		};
		30A35E602FF28FD100F171B4 /* Modules */ = {
			isa = PBXGroup;
			children = (
				30A35E032FF28FD100F171B4 /* Feed */,
				30A35E112FF28FD100F171B4 /* Home */,
				30A35E1C2FF28FD100F171B4 /* Map */,
				30A35E272FF28FD100F171B4 /* MemoryCreate */,
				30A35E322FF28FD100F171B4 /* MemoryDetail */,
				30A35E3E2FF28FD100F171B4 /* Onboarding */,
				30A35E492FF28FD100F171B4 /* Settings */,
				30A35E542FF28FD100F171B4 /* Statistics */,
				30A35E5F2FF28FD100F171B4 /* Trips */,
			);
			path = Modules;
			sourceTree = "<group>";
		};
		30A35E682FF28FD100F171B4 /* Services */ = {
			isa = PBXGroup;
			children = (
				30A35E612FF28FD100F171B4 /* AudioRecorderService.swift */,
				30A35E622FF28FD100F171B4 /* MapService.swift */,
				30A35E632FF28FD100F171B4 /* MemoryRepository.swift */,
				30A35E642FF28FD100F171B4 /* RecentlyViewedService.swift */,
				30A35E652FF28FD100F171B4 /* SettingsRepository.swift */,
				30A35E662FF28FD100F171B4 /* StorageService.swift */,
				30A35E672FF28FD100F171B4 /* TripRepository.swift */,
			);
			path = Services;
			sourceTree = "<group>";
		};
		30A35E732FF28FD100F171B4 /* 185MomentMap */ = {
			isa = PBXGroup;
			children = (
				30A35DD52FF28FD100F171B4 /* App */,
				30A35DF02FF28FD100F171B4 /* Common */,
				30A35DF82FF28FD100F171B4 /* Models */,
				30A35E602FF28FD100F171B4 /* Modules */,
				30A35E682FF28FD100F171B4 /* Services */,
				30A35E692FF28FD100F171B4 /* AppDelegate.swift */,
				30A35E6A2FF28FD100F171B4 /* Assets.xcassets */,
				30A35E6B2FF28FD100F171B4 /* ContentView.swift */,
				30A35E6C2FF28FD100F171B4 /* Info.plist */,
				30A35E6E2FF28FD100F171B4 /* LaunchScreen.storyboard */,
				30A35E702FF28FD100F171B4 /* Main.storyboard */,
				30A35E712FF28FD100F171B4 /* SceneDelegate.swift */,
				30A35E722FF28FD100F171B4 /* ViewController.swift */,
			);
			path = 185MomentMap;
			sourceTree = "<group>";
		};
		97A67C680EAAF5837C96E0EA /* Pods */ = {
			isa = PBXGroup;
			children = (
				727252FD9866D8FCCE4561C6 /* Pods-185MomentMap.debug.xcconfig */,
				F127AC9D90653ABED0952A00 /* Pods-185MomentMap.release.xcconfig */,
			);
			path = Pods;
			sourceTree = "<group>";
		};
		BF10427A7BCC27C1A1732991 /* Frameworks */ = {
			isa = PBXGroup;
			children = (
				7F23365CE36F8BA31CF1F9D2 /* Pods_185MomentMap.framework */,
			);
			name = Frameworks;
			sourceTree = "<group>";
		};
/* End PBXGroup section */

/* Begin PBXNativeTarget section */
		3022DE1F2FE5299700847CF8 /* 185MomentMap */ = {
			isa = PBXNativeTarget;
			buildConfigurationList = 3022DE332FE5299800847CF8 /* Build configuration list for PBXNativeTarget "185MomentMap" */;
			buildPhases = (
				61C5CEAC741F7D1C60DABB1F /* [CP] Check Pods Manifest.lock */,
				3022DE1C2FE5299700847CF8 /* Sources */,
				3022DE1D2FE5299700847CF8 /* Frameworks */,
				3022DE1E2FE5299700847CF8 /* Resources */,
			);
			buildRules = (
			);
			dependencies = (
			);
			name = 185MomentMap;
			productName = 185MomentMap;
			productReference = 3022DE202FE5299700847CF8 /* 185MomentMap.app */;
			productType = "com.apple.product-type.application";
		};
/* End PBXNativeTarget section */

/* Begin PBXProject section */
		3022DE182FE5299700847CF8 /* Project object */ = {
			isa = PBXProject;
			attributes = {
				BuildIndependentTargetsInParallel = 1;
				LastSwiftUpdateCheck = 2650;
				LastUpgradeCheck = 2650;
				TargetAttributes = {
					3022DE1F2FE5299700847CF8 = {
						CreatedOnToolsVersion = 26.5;
					};
				};
			};
			buildConfigurationList = 3022DE1B2FE5299700847CF8 /* Build configuration list for PBXProject "185MomentMap" */;
			compatibilityVersion = "Xcode 15.0";
			developmentRegion = en;
			hasScannedForEncodings = 0;
			knownRegions = (
				en,
				Base,
			);
			mainGroup = 3022DE172FE5299700847CF8;
			productRefGroup = 3022DE212FE5299700847CF8 /* Products */;
			projectDirPath = "";
			projectRoot = "";
			targets = (
				3022DE1F2FE5299700847CF8 /* 185MomentMap */,
			);
		};
/* End PBXProject section */

/* Begin PBXResourcesBuildPhase section */
		3022DE1E2FE5299700847CF8 /* Resources */ = {
			isa = PBXResourcesBuildPhase;
			buildActionMask = 2147483647;
			files = (
				30A35E742FF28FD100F171B4 /* Assets.xcassets in Resources */,
				30A35E762FF28FD100F171B4 /* LaunchScreen.storyboard in Resources */,
				30A35E772FF28FD100F171B4 /* Main.storyboard in Resources */,
			);
			runOnlyForDeploymentPostprocessing = 0;
		};
/* End PBXResourcesBuildPhase section */

/* Begin PBXShellScriptBuildPhase section */
		61C5CEAC741F7D1C60DABB1F /* [CP] Check Pods Manifest.lock */ = {
			isa = PBXShellScriptBuildPhase;
			buildActionMask = 2147483647;
			files = (
			);
			inputFileListPaths = (
			);
			inputPaths = (
				"${PODS_PODFILE_DIR_PATH}/Podfile.lock",
				"${PODS_ROOT}/Manifest.lock",
			);
			name = "[CP] Check Pods Manifest.lock";
			outputFileListPaths = (
			);
			outputPaths = (
				"$(DERIVED_FILE_DIR)/Pods-185MomentMap-checkManifestLockResult.txt",
			);
			runOnlyForDeploymentPostprocessing = 0;
			shellPath = /bin/sh;
			shellScript = "diff \"${PODS_PODFILE_DIR_PATH}/Podfile.lock\" \"${PODS_ROOT}/Manifest.lock\" > /dev/null\nif [ $? != 0 ] ; then\n    # print error to STDERR\n    echo \"error: The sandbox is not in sync with the Podfile.lock. Run 'pod install' or update your CocoaPods installation.\" >&2\n    exit 1\nfi\n# This output is used by Xcode 'outputs' to avoid re-running this script phase.\necho \"SUCCESS\" > \"${SCRIPT_OUTPUT_FILE_0}\"\n";
			showEnvVarsInLog = 0;
		};
/* End PBXShellScriptBuildPhase section */

/* Begin PBXSourcesBuildPhase section */
		3022DE1C2FE5299700847CF8 /* Sources */ = {
			isa = PBXSourcesBuildPhase;
			buildActionMask = 2147483647;
			files = (
				30A35E782FF28FD100F171B4 /* MomentMapApp.swift in Sources */,
				30A35E792FF28FD100F171B4 /* AudioNotePlayerView.swift in Sources */,
				30A35E7A2FF28FD100F171B4 /* CustomMapAnnotationView.swift in Sources */,
				30A35E7B2FF28FD100F171B4 /* DetailInfoCard.swift in Sources */,
				30A35E7C2FF28FD100F171B4 /* EmptyStateView.swift in Sources */,
				30A35E7D2FF28FD100F171B4 /* FilterChipBar.swift in Sources */,
				30A35E7E2FF28FD100F171B4 /* FormSectionCard.swift in Sources */,
				30A35E7F2FF28FD100F171B4 /* HomeWidgets.swift in Sources */,
				30A35E802FF28FD100F171B4 /* MemoryCardView.swift in Sources */,
				30A35E812FF28FD100F171B4 /* MoodGridItemView.swift in Sources */,
				30A35E822FF28FD100F171B4 /* NearbyMemoriesSheet.swift in Sources */,
				30A35E832FF28FD100F171B4 /* PhotoGalleryView.swift in Sources */,
				30A35E842FF28FD100F171B4 /* SectionHeaderView.swift in Sources */,
				30A35E852FF28FD100F171B4 /* ShareButtonView.swift in Sources */,
				30A35E862FF28FD100F171B4 /* StatMetricCard.swift in Sources */,
				30A35E872FF28FD100F171B4 /* StatsBarChartView.swift in Sources */,
				30A35E882FF28FD100F171B4 /* TagChipView.swift in Sources */,
				30A35E892FF28FD100F171B4 /* TripCellView.swift in Sources */,
				30A35E8A2FF28FD100F171B4 /* Color+Hex.swift in Sources */,
				30A35E8B2FF28FD100F171B4 /* Date+Formatting.swift in Sources */,
				30A35E8C2FF28FD100F171B4 /* AppConstants.swift in Sources */,
				30A35E8D2FF28FD100F171B4 /* AppLinks.swift in Sources */,
				30A35E8E2FF28FD100F171B4 /* AppTheme.swift in Sources */,
				30A35E8F2FF28FD100F171B4 /* MemoryFilterService.swift in Sources */,
				30A35E902FF28FD100F171B4 /* AppSettings.swift in Sources */,
				30A35E912FF28FD100F171B4 /* Memory.swift in Sources */,
				30A35E922FF28FD100F171B4 /* MemoryTag.swift in Sources */,
				30A35E932FF28FD100F171B4 /* Mood.swift in Sources */,
				30A35E942FF28FD100F171B4 /* PlaceTemplate.swift in Sources */,
				30A35E952FF28FD100F171B4 /* Statistics.swift in Sources */,
				30A35E962FF28FD100F171B4 /* Trip.swift in Sources */,
				30A35E972FF28FD100F171B4 /* FeedEntity.swift in Sources */,
				30A35E982FF28FD100F171B4 /* FeedInteractor.swift in Sources */,
				30A35E992FF28FD100F171B4 /* FeedPresenter.swift in Sources */,
				30A35E9A2FF28FD100F171B4 /* FeedRouter.swift in Sources */,
				30A35E9B2FF28FD100F171B4 /* FeedView.swift in Sources */,
				30A35E9C2FF28FD100F171B4 /* HomeDashboardEntity.swift in Sources */,
				30A35E9D2FF28FD100F171B4 /* HomeEntity.swift in Sources */,
				30A35E9E2FF28FD100F171B4 /* HomeInteractor.swift in Sources */,
				30A35E9F2FF28FD100F171B4 /* HomePresenter.swift in Sources */,
				30A35EA02FF28FD100F171B4 /* HomeRouter.swift in Sources */,
				30A35EA12FF28FD100F171B4 /* HomeDashboardView.swift in Sources */,
				30A35EA22FF28FD100F171B4 /* HomeModuleBuilder.swift in Sources */,
				30A35EA32FF28FD100F171B4 /* HomeView.swift in Sources */,
				30A35EA42FF28FD100F171B4 /* MapEntity.swift in Sources */,
				30A35EA52FF28FD100F171B4 /* MapInteractor.swift in Sources */,
				30A35EA62FF28FD100F171B4 /* MapPresenter.swift in Sources */,
				30A35EA72FF28FD100F171B4 /* MapRouter.swift in Sources */,
				30A35EA82FF28FD100F171B4 /* MapView.swift in Sources */,
				30A35EA92FF28FD100F171B4 /* MemoryCreateEntity.swift in Sources */,
				30A35EAA2FF28FD100F171B4 /* MemoryCreateInteractor.swift in Sources */,
				30A35EAB2FF28FD100F171B4 /* MemoryCreatePresenter.swift in Sources */,
				30A35EAC2FF28FD100F171B4 /* MemoryCreateRouter.swift in Sources */,
				30A35EAD2FF28FD100F171B4 /* MemoryCreateView.swift in Sources */,
				30A35EAE2FF28FD100F171B4 /* MemoryDetailEntity.swift in Sources */,
				30A35EAF2FF28FD100F171B4 /* MemoryDetailInteractor.swift in Sources */,
				30A35EB02FF28FD100F171B4 /* MemoryDetailPresenter.swift in Sources */,
				30A35EB12FF28FD100F171B4 /* MemoryDetailRouter.swift in Sources */,
				30A35EB22FF28FD100F171B4 /* MemoryDetailView.swift in Sources */,
				30A35EB32FF28FD100F171B4 /* OnboardingEntity.swift in Sources */,
				30A35EB42FF28FD100F171B4 /* OnboardingInteractor.swift in Sources */,
				30A35EB52FF28FD100F171B4 /* OnboardingPresenter.swift in Sources */,
				30A35EB62FF28FD100F171B4 /* OnboardingRouter.swift in Sources */,
				30A35EB72FF28FD100F171B4 /* OnboardingModuleBuilder.swift in Sources */,
				30A35EB82FF28FD100F171B4 /* OnboardingView.swift in Sources */,
				30A35EB92FF28FD100F171B4 /* SettingsEntity.swift in Sources */,
				30A35EBA2FF28FD100F171B4 /* SettingsInteractor.swift in Sources */,
				30A35EBB2FF28FD100F171B4 /* SettingsPresenter.swift in Sources */,
				30A35EBC2FF28FD100F171B4 /* SettingsRouter.swift in Sources */,
				30A35EBD2FF28FD100F171B4 /* SettingsView.swift in Sources */,
				30A35EBE2FF28FD100F171B4 /* StatisticsEntity.swift in Sources */,
				30A35EBF2FF28FD100F171B4 /* StatisticsInteractor.swift in Sources */,
				30A35EC02FF28FD100F171B4 /* StatisticsPresenter.swift in Sources */,
				30A35EC12FF28FD100F171B4 /* StatisticsRouter.swift in Sources */,
				30A35EC22FF28FD100F171B4 /* StatisticsView.swift in Sources */,
				30A35EC32FF28FD100F171B4 /* TripsEntity.swift in Sources */,
				30A35EC42FF28FD100F171B4 /* TripsInteractor.swift in Sources */,
				30A35EC52FF28FD100F171B4 /* TripsPresenter.swift in Sources */,
				30A35EC62FF28FD100F171B4 /* TripsRouter.swift in Sources */,
				30A35EC72FF28FD100F171B4 /* TripsView.swift in Sources */,
				30A35EC82FF28FD100F171B4 /* AudioRecorderService.swift in Sources */,
				30A35EC92FF28FD100F171B4 /* MapService.swift in Sources */,
				30A35ECA2FF28FD100F171B4 /* MemoryRepository.swift in Sources */,
				30A35ECB2FF28FD100F171B4 /* RecentlyViewedService.swift in Sources */,
				30A35ECC2FF28FD100F171B4 /* SettingsRepository.swift in Sources */,
				30A35ECD2FF28FD100F171B4 /* StorageService.swift in Sources */,
				30A35ECE2FF28FD100F171B4 /* TripRepository.swift in Sources */,
				30A35ECF2FF28FD100F171B4 /* AppDelegate.swift in Sources */,
				30A35ED02FF28FD100F171B4 /* ContentView.swift in Sources */,
				30A35ED12FF28FD100F171B4 /* SceneDelegate.swift in Sources */,
				30A35ED22FF28FD100F171B4 /* ViewController.swift in Sources */,
			);
			runOnlyForDeploymentPostprocessing = 0;
		};
/* End PBXSourcesBuildPhase section */

/* Begin PBXVariantGroup section */
		30A35E6E2FF28FD100F171B4 /* LaunchScreen.storyboard */ = {
			isa = PBXVariantGroup;
			children = (
				30A35E6D2FF28FD100F171B4 /* Base */,
			);
			name = LaunchScreen.storyboard;
			sourceTree = "<group>";
		};
		30A35E702FF28FD100F171B4 /* Main.storyboard */ = {
			isa = PBXVariantGroup;
			children = (
				30A35E6F2FF28FD100F171B4 /* Base */,
			);
			name = Main.storyboard;
			sourceTree = "<group>";
		};
/* End PBXVariantGroup section */

/* Begin XCBuildConfiguration section */
		3022DE342FE5299800847CF8 /* Debug */ = {
			isa = XCBuildConfiguration;
			baseConfigurationReference = 727252FD9866D8FCCE4561C6 /* Pods-185MomentMap.debug.xcconfig */;
			buildSettings = {
				ASSETCATALOG_COMPILER_APPICON_NAME = AppIcon;
				ASSETCATALOG_COMPILER_GLOBAL_ACCENT_COLOR_NAME = AccentColor;
				CODE_SIGN_STYLE = Automatic;
				CURRENT_PROJECT_VERSION = 1;
				GENERATE_INFOPLIST_FILE = YES;
				INFOPLIST_FILE = 185MomentMap/Info.plist;
				INFOPLIST_KEY_CFBundleDisplayName = "Overland Moments";
				INFOPLIST_KEY_NSMicrophoneUsageDescription = "Allow microphone access to record voice notes for your memories.";
				INFOPLIST_KEY_NSPhotoLibraryUsageDescription = "Allow access to choose photos for your memories.";
				INFOPLIST_KEY_UIApplicationSupportsIndirectInputEvents = YES;
				INFOPLIST_KEY_UILaunchStoryboardName = LaunchScreen;
				INFOPLIST_KEY_UIMainStoryboardFile = Main;
				INFOPLIST_KEY_UISupportedInterfaceOrientations = UIInterfaceOrientationPortrait;
				INFOPLIST_KEY_UISupportedInterfaceOrientations_iPad = "UIInterfaceOrientationLandscapeLeft UIInterfaceOrientationLandscapeRight UIInterfaceOrientationPortrait UIInterfaceOrientationPortraitUpsideDown";
				IPHONEOS_DEPLOYMENT_TARGET = 17.0;
				LD_RUNPATH_SEARCH_PATHS = (
					"$(inherited)",
					"@executable_path/Frameworks",
				);
				MARKETING_VERSION = 1.0;
				PRODUCT_BUNDLE_IDENTIFIER = com.bbc.v0rl4nfdm8m;
				PRODUCT_NAME = "$(TARGET_NAME)";
				STRING_CATALOG_GENERATE_SYMBOLS = YES;
				SUPPORTED_PLATFORMS = "iphoneos iphonesimulator";
				SUPPORTS_MACCATALYST = NO;
				SUPPORTS_MAC_DESIGNED_FOR_IPHONE_IPAD = NO;
				SUPPORTS_XR_DESIGNED_FOR_IPHONE_IPAD = NO;
				SWIFT_APPROACHABLE_CONCURRENCY = YES;
				SWIFT_DEFAULT_ACTOR_ISOLATION = MainActor;
				SWIFT_EMIT_LOC_STRINGS = YES;
				SWIFT_UPCOMING_FEATURE_MEMBER_IMPORT_VISIBILITY = YES;
				SWIFT_VERSION = 5.0;
				TARGETED_DEVICE_FAMILY = 1;
			};
			name = Debug;
		};
		3022DE352FE5299800847CF8 /* Release */ = {
			isa = XCBuildConfiguration;
			baseConfigurationReference = F127AC9D90653ABED0952A00 /* Pods-185MomentMap.release.xcconfig */;
			buildSettings = {
				ASSETCATALOG_COMPILER_APPICON_NAME = AppIcon;
				ASSETCATALOG_COMPILER_GLOBAL_ACCENT_COLOR_NAME = AccentColor;
				CODE_SIGN_STYLE = Automatic;
				CURRENT_PROJECT_VERSION = 1;
				GENERATE_INFOPLIST_FILE = YES;
				INFOPLIST_FILE = 185MomentMap/Info.plist;
				INFOPLIST_KEY_CFBundleDisplayName = "Overland Moments";
				INFOPLIST_KEY_NSMicrophoneUsageDescription = "Allow microphone access to record voice notes for your memories.";
				INFOPLIST_KEY_NSPhotoLibraryUsageDescription = "Allow access to choose photos for your memories.";
				INFOPLIST_KEY_UIApplicationSupportsIndirectInputEvents = YES;
				INFOPLIST_KEY_UILaunchStoryboardName = LaunchScreen;
				INFOPLIST_KEY_UIMainStoryboardFile = Main;
				INFOPLIST_KEY_UISupportedInterfaceOrientations = UIInterfaceOrientationPortrait;
				INFOPLIST_KEY_UISupportedInterfaceOrientations_iPad = "UIInterfaceOrientationLandscapeLeft UIInterfaceOrientationLandscapeRight UIInterfaceOrientationPortrait UIInterfaceOrientationPortraitUpsideDown";
				IPHONEOS_DEPLOYMENT_TARGET = 17.0;
				LD_RUNPATH_SEARCH_PATHS = (
					"$(inherited)",
					"@executable_path/Frameworks",
				);
				MARKETING_VERSION = 1.0;
				PRODUCT_BUNDLE_IDENTIFIER = com.bbc.v0rl4nfdm8m;
				PRODUCT_NAME = "$(TARGET_NAME)";
				STRING_CATALOG_GENERATE_SYMBOLS = YES;
				SUPPORTED_PLATFORMS = "iphoneos iphonesimulator";
				SUPPORTS_MACCATALYST = NO;
				SUPPORTS_MAC_DESIGNED_FOR_IPHONE_IPAD = NO;
				SUPPORTS_XR_DESIGNED_FOR_IPHONE_IPAD = NO;
				SWIFT_APPROACHABLE_CONCURRENCY = YES;
				SWIFT_DEFAULT_ACTOR_ISOLATION = MainActor;
				SWIFT_EMIT_LOC_STRINGS = YES;
				SWIFT_UPCOMING_FEATURE_MEMBER_IMPORT_VISIBILITY = YES;
				SWIFT_VERSION = 5.0;
				TARGETED_DEVICE_FAMILY = 1;
			};
			name = Release;
		};
		3022DE362FE5299800847CF8 /* Debug */ = {
			isa = XCBuildConfiguration;
			buildSettings = {
				ALWAYS_SEARCH_USER_PATHS = NO;
				ASSETCATALOG_COMPILER_GENERATE_SWIFT_ASSET_SYMBOL_EXTENSIONS = YES;
				CLANG_ANALYZER_NONNULL = YES;
				CLANG_ANALYZER_NUMBER_OBJECT_CONVERSION = YES_AGGRESSIVE;
				CLANG_CXX_LANGUAGE_STANDARD = "gnu++20";
				CLANG_ENABLE_MODULES = YES;
				CLANG_ENABLE_OBJC_ARC = YES;
				CLANG_ENABLE_OBJC_WEAK = YES;
				CLANG_WARN_BLOCK_CAPTURE_AUTORELEASING = YES;
				CLANG_WARN_BOOL_CONVERSION = YES;
				CLANG_WARN_COMMA = YES;
				CLANG_WARN_CONSTANT_CONVERSION = YES;
				CLANG_WARN_DEPRECATED_OBJC_IMPLEMENTATIONS = YES;
				CLANG_WARN_DIRECT_OBJC_ISA_USAGE = YES_ERROR;
				CLANG_WARN_DOCUMENTATION_COMMENTS = YES;
				CLANG_WARN_EMPTY_BODY = YES;
				CLANG_WARN_ENUM_CONVERSION = YES;
				CLANG_WARN_INFINITE_RECURSION = YES;
				CLANG_WARN_INT_CONVERSION = YES;
				CLANG_WARN_NON_LITERAL_NULL_CONVERSION = YES;
				CLANG_WARN_OBJC_IMPLICIT_RETAIN_SELF = YES;
				CLANG_WARN_OBJC_LITERAL_CONVERSION = YES;
				CLANG_WARN_OBJC_ROOT_CLASS = YES_ERROR;
				CLANG_WARN_QUOTED_INCLUDE_IN_FRAMEWORK_HEADER = YES;
				CLANG_WARN_RANGE_LOOP_ANALYSIS = YES;
				CLANG_WARN_STRICT_PROTOTYPES = YES;
				CLANG_WARN_SUSPICIOUS_MOVE = YES;
				CLANG_WARN_UNGUARDED_AVAILABILITY = YES_AGGRESSIVE;
				CLANG_WARN_UNREACHABLE_CODE = YES;
				CLANG_WARN__DUPLICATE_METHOD_MATCH = YES;
				COPY_PHASE_STRIP = NO;
				DEBUG_INFORMATION_FORMAT = dwarf;
				ENABLE_STRICT_OBJC_MSGSEND = YES;
				ENABLE_TESTABILITY = YES;
				ENABLE_USER_SCRIPT_SANDBOXING = YES;
				GCC_C_LANGUAGE_STANDARD = gnu17;
				GCC_DYNAMIC_NO_PIC = NO;
				GCC_NO_COMMON_BLOCKS = YES;
				GCC_OPTIMIZATION_LEVEL = 0;
				GCC_PREPROCESSOR_DEFINITIONS = (
					"DEBUG=1",
					"$(inherited)",
				);
				GCC_WARN_64_TO_32_BIT_CONVERSION = YES;
				GCC_WARN_ABOUT_RETURN_TYPE = YES_ERROR;
				GCC_WARN_UNDECLARED_SELECTOR = YES;
				GCC_WARN_UNINITIALIZED_AUTOS = YES_AGGRESSIVE;
				GCC_WARN_UNUSED_FUNCTION = YES;
				GCC_WARN_UNUSED_VARIABLE = YES;
				IPHONEOS_DEPLOYMENT_TARGET = 26.5;
				LOCALIZATION_PREFERS_STRING_CATALOGS = YES;
				MTL_ENABLE_DEBUG_INFO = INCLUDE_SOURCE;
				MTL_FAST_MATH = YES;
				ONLY_ACTIVE_ARCH = YES;
				SDKROOT = iphoneos;
				SWIFT_ACTIVE_COMPILATION_CONDITIONS = "DEBUG $(inherited)";
				SWIFT_OPTIMIZATION_LEVEL = "-Onone";
			};
			name = Debug;
		};
		3022DE372FE5299800847CF8 /* Release */ = {
			isa = XCBuildConfiguration;
			buildSettings = {
				ALWAYS_SEARCH_USER_PATHS = NO;
				ASSETCATALOG_COMPILER_GENERATE_SWIFT_ASSET_SYMBOL_EXTENSIONS = YES;
				CLANG_ANALYZER_NONNULL = YES;
				CLANG_ANALYZER_NUMBER_OBJECT_CONVERSION = YES_AGGRESSIVE;
				CLANG_CXX_LANGUAGE_STANDARD = "gnu++20";
				CLANG_ENABLE_MODULES = YES;
				CLANG_ENABLE_OBJC_ARC = YES;
				CLANG_ENABLE_OBJC_WEAK = YES;
				CLANG_WARN_BLOCK_CAPTURE_AUTORELEASING = YES;
				CLANG_WARN_BOOL_CONVERSION = YES;
				CLANG_WARN_COMMA = YES;
				CLANG_WARN_CONSTANT_CONVERSION = YES;
				CLANG_WARN_DEPRECATED_OBJC_IMPLEMENTATIONS = YES;
				CLANG_WARN_DIRECT_OBJC_ISA_USAGE = YES_ERROR;
				CLANG_WARN_DOCUMENTATION_COMMENTS = YES;
				CLANG_WARN_EMPTY_BODY = YES;
				CLANG_WARN_ENUM_CONVERSION = YES;
				CLANG_WARN_INFINITE_RECURSION = YES;
				CLANG_WARN_INT_CONVERSION = YES;
				CLANG_WARN_NON_LITERAL_NULL_CONVERSION = YES;
				CLANG_WARN_OBJC_IMPLICIT_RETAIN_SELF = YES;
				CLANG_WARN_OBJC_LITERAL_CONVERSION = YES;
				CLANG_WARN_OBJC_ROOT_CLASS = YES_ERROR;
				CLANG_WARN_QUOTED_INCLUDE_IN_FRAMEWORK_HEADER = YES;
				CLANG_WARN_RANGE_LOOP_ANALYSIS = YES;
				CLANG_WARN_STRICT_PROTOTYPES = YES;
				CLANG_WARN_SUSPICIOUS_MOVE = YES;
				CLANG_WARN_UNGUARDED_AVAILABILITY = YES_AGGRESSIVE;
				CLANG_WARN_UNREACHABLE_CODE = YES;
				CLANG_WARN__DUPLICATE_METHOD_MATCH = YES;
				COPY_PHASE_STRIP = NO;
				DEBUG_INFORMATION_FORMAT = "dwarf-with-dsym";
				ENABLE_NS_ASSERTIONS = NO;
				ENABLE_STRICT_OBJC_MSGSEND = YES;
				ENABLE_USER_SCRIPT_SANDBOXING = YES;
				GCC_C_LANGUAGE_STANDARD = gnu17;
				GCC_NO_COMMON_BLOCKS = YES;
				GCC_WARN_64_TO_32_BIT_CONVERSION = YES;
				GCC_WARN_ABOUT_RETURN_TYPE = YES_ERROR;
				GCC_WARN_UNDECLARED_SELECTOR = YES;
				GCC_WARN_UNINITIALIZED_AUTOS = YES_AGGRESSIVE;
				GCC_WARN_UNUSED_FUNCTION = YES;
				GCC_WARN_UNUSED_VARIABLE = YES;
				IPHONEOS_DEPLOYMENT_TARGET = 26.5;
				LOCALIZATION_PREFERS_STRING_CATALOGS = YES;
				MTL_ENABLE_DEBUG_INFO = NO;
				MTL_FAST_MATH = YES;
				SDKROOT = iphoneos;
				SWIFT_COMPILATION_MODE = wholemodule;
				VALIDATE_PRODUCT = YES;
			};
			name = Release;
		};
/* End XCBuildConfiguration section */

/* Begin XCConfigurationList section */
		3022DE1B2FE5299700847CF8 /* Build configuration list for PBXProject "185MomentMap" */ = {
			isa = XCConfigurationList;
			buildConfigurations = (
				3022DE362FE5299800847CF8 /* Debug */,
				3022DE372FE5299800847CF8 /* Release */,
			);
			defaultConfigurationIsVisible = 0;
			defaultConfigurationName = Release;
		};
		3022DE332FE5299800847CF8 /* Build configuration list for PBXNativeTarget "185MomentMap" */ = {
			isa = XCConfigurationList;
			buildConfigurations = (
				3022DE342FE5299800847CF8 /* Debug */,
				3022DE352FE5299800847CF8 /* Release */,
			);
			defaultConfigurationIsVisible = 0;
			defaultConfigurationName = Release;
		};
/* End XCConfigurationList section */
	};
	rootObject = 3022DE182FE5299700847CF8 /* Project object */;
}
